
Microsoft Visual Studio Solution File, Format Version 12.00
# Visual Studio Version 17
VisualStudioVersion = 17.1.32210.238
MinimumVisualStudioVersion = 10.0.40219.1
Project("{FAE04EC0-301F-11D3-BF4B-00C04F79EFBC}") = "ZR.Admin.WebApi", "ZR.Admin.WebApi\ZR.Admin.WebApi.csproj", "{E5497BB4-B0C1-4794-9FAE-163F626EC399}"
EndProject
Project("{9A19103F-16F7-4668-BE54-9A1E7A4F7556}") = "ZR.Model", "ZR.Model\ZR.Model.csproj", "{B35D73B1-2E22-4636-B88B-10C5E6D8E524}"
EndProject
Project("{9A19103F-16F7-4668-BE54-9A1E7A4F7556}") = "ZR.Common", "ZR.Common\ZR.Common.csproj", "{42C84599-1E99-45B4-929B-417C37337EF8}"
EndProject
Project("{9A19103F-16F7-4668-BE54-9A1E7A4F7556}") = "Infrastructure", "Infrastructure\Infrastructure.csproj", "{5D740120-5491-4FE2-B5BE-8A9C48BFE3C5}"
EndProject
Project("{9A19103F-16F7-4668-BE54-9A1E7A4F7556}") = "ZR.Tasks", "ZR.Tasks\ZR.Tasks.csproj", "{B657ED99-40E5-423A-AFE7-157C4EE576CB}"
EndProject
Project("{9A19103F-16F7-4668-BE54-9A1E7A4F7556}") = "ZR.Service", "ZR.Service\ZR.Service.csproj", "{75ADA3C1-148D-4727-A718-79447D9B5EEE}"
EndProject
Project("{9A19103F-16F7-4668-BE54-9A1E7A4F7556}") = "ZR.Repository", "ZR.Repository\ZR.Repository.csproj", "{17E277BF-B2B8-4111-AE43-38246128C83C}"
EndProject
Project("{9A19103F-16F7-4668-BE54-9A1E7A4F7556}") = "ZR.CodeGenerator", "ZR.CodeGenerator\ZR.CodeGenerator.csproj", "{B353DE0B-12C6-4C15-909A-DB68F71D5AE9}"
EndProject
Global
	GlobalSection(SolutionConfigurationPlatforms) = preSolution
		Debug|Any CPU = Debug|Any CPU
		Release|Any CPU = Release|Any CPU
	EndGlobalSection
	GlobalSection(ProjectConfigurationPlatforms) = postSolution
		{E5497BB4-B0C1-4794-9FAE-163F626EC399}.Debug|Any CPU.ActiveCfg = Debug|Any CPU
		{E5497BB4-B0C1-4794-9FAE-163F626EC399}.Debug|Any CPU.Build.0 = Debug|Any CPU
		{E5497BB4-B0C1-4794-9FAE-163F626EC399}.Release|Any CPU.ActiveCfg = Release|Any CPU
		{E5497BB4-B0C1-4794-9FAE-163F626EC399}.Release|Any CPU.Build.0 = Release|Any CPU
		{B35D73B1-2E22-4636-B88B-10C5E6D8E524}.Debug|Any CPU.ActiveCfg = Debug|Any CPU
		{B35D73B1-2E22-4636-B88B-10C5E6D8E524}.Debug|Any CPU.Build.0 = Debug|Any CPU
		{B35D73B1-2E22-4636-B88B-10C5E6D8E524}.Release|Any CPU.ActiveCfg = Release|Any CPU
		{B35D73B1-2E22-4636-B88B-10C5E6D8E524}.Release|Any CPU.Build.0 = Release|Any CPU
		{42C84599-1E99-45B4-929B-417C37337EF8}.Debug|Any CPU.ActiveCfg = Debug|Any CPU
		{42C84599-1E99-45B4-929B-417C37337EF8}.Debug|Any CPU.Build.0 = Debug|Any CPU
		{42C84599-1E99-45B4-929B-417C37337EF8}.Release|Any CPU.ActiveCfg = Release|Any CPU
		{42C84599-1E99-45B4-929B-417C37337EF8}.Release|Any CPU.Build.0 = Release|Any CPU
		{5D740120-5491-4FE2-B5BE-8A9C48BFE3C5}.Debug|Any CPU.ActiveCfg = Debug|Any CPU
		{5D740120-5491-4FE2-B5BE-8A9C48BFE3C5}.Debug|Any CPU.Build.0 = Debug|Any CPU
		{5D740120-5491-4FE2-B5BE-8A9C48BFE3C5}.Release|Any CPU.ActiveCfg = Release|Any CPU
		{5D740120-5491-4FE2-B5BE-8A9C48BFE3C5}.Release|Any CPU.Build.0 = Release|Any CPU
		{B657ED99-40E5-423A-AFE7-157C4EE576CB}.Debug|Any CPU.ActiveCfg = Debug|Any CPU
		{B657ED99-40E5-423A-AFE7-157C4EE576CB}.Debug|Any CPU.Build.0 = Debug|Any CPU
		{B657ED99-40E5-423A-AFE7-157C4EE576CB}.Release|Any CPU.ActiveCfg = Release|Any CPU
		{B657ED99-40E5-423A-AFE7-157C4EE576CB}.Release|Any CPU.Build.0 = Release|Any CPU
		{75ADA3C1-148D-4727-A718-79447D9B5EEE}.Debug|Any CPU.ActiveCfg = Debug|Any CPU
		{75ADA3C1-148D-4727-A718-79447D9B5EEE}.Debug|Any CPU.Build.0 = Debug|Any CPU
		{75ADA3C1-148D-4727-A718-79447D9B5EEE}.Release|Any CPU.ActiveCfg = Release|Any CPU
		{75ADA3C1-148D-4727-A718-79447D9B5EEE}.Release|Any CPU.Build.0 = Release|Any CPU
		{17E277BF-B2B8-4111-AE43-38246128C83C}.Debug|Any CPU.ActiveCfg = Debug|Any CPU
		{17E277BF-B2B8-4111-AE43-38246128C83C}.Debug|Any CPU.Build.0 = Debug|Any CPU
		{17E277BF-B2B8-4111-AE43-38246128C83C}.Release|Any CPU.ActiveCfg = Release|Any CPU
		{17E277BF-B2B8-4111-AE43-38246128C83C}.Release|Any CPU.Build.0 = Release|Any CPU
		{B353DE0B-12C6-4C15-909A-DB68F71D5AE9}.Debug|Any CPU.ActiveCfg = Debug|Any CPU
		{B353DE0B-12C6-4C15-909A-DB68F71D5AE9}.Debug|Any CPU.Build.0 = Debug|Any CPU
		{B353DE0B-12C6-4C15-909A-DB68F71D5AE9}.Release|Any CPU.ActiveCfg = Release|Any CPU
		{B353DE0B-12C6-4C15-909A-DB68F71D5AE9}.Release|Any CPU.Build.0 = Release|Any CPU
	EndGlobalSection
	GlobalSection(SolutionProperties) = preSolution
		HideSolutionNode = FALSE
	EndGlobalSection
	GlobalSection(ExtensibilityGlobals) = postSolution
		SolutionGuid = {0469FF3A-7322-4053-94C7-881B103A57C5}
	EndGlobalSection
EndGlobal
