
Microsoft Visual Studio Solution File, Format Version 12.00
# Visual Studio Version 16
VisualStudioVersion = 16.0.30711.63
MinimumVisualStudioVersion = 10.0.40219.1
Project("{9A19103F-16F7-4668-BE54-9A1E7A4F7556}") = "ZR.Admin.WebApi", "ZR.Admin.WebApi\ZR.Admin.WebApi.csproj", "{BA176987-AABB-406A-B4A8-6B63B422B703}"
EndProject
Project("{9A19103F-16F7-4668-BE54-9A1E7A4F7556}") = "ZR.Repository", "ZR.Repository\ZR.Repository.csproj", "{0665F19A-F8DC-4C8C-8382-68ABE75E8646}"
EndProject
Project("{9A19103F-16F7-4668-BE54-9A1E7A4F7556}") = "ZR.Model", "ZR.Model\ZR.Model.csproj", "{F762038D-733D-4572-A55F-4C4EA6A8BE5F}"
EndProject
Project("{9A19103F-16F7-4668-BE54-9A1E7A4F7556}") = "ZR.Service", "ZR.Service\ZR.Service.csproj", "{76F7557E-BB62-48AC-AF6D-EE62BBF64225}"
EndProject
Project("{9A19103F-16F7-4668-BE54-9A1E7A4F7556}") = "ZR.Common", "ZR.Common\ZR.Common.csproj", "{D7F7C898-8758-46E6-B26B-960FE79FF8CF}"
EndProject
Project("{9A19103F-16F7-4668-BE54-9A1E7A4F7556}") = "Infrastructure", "Infrastructure\Infrastructure.csproj", "{DF8B3C35-6E0E-481B-B2CB-C2BED3AF8634}"
EndProject
Project("{2150E333-8FDC-42A3-9474-1A3956D46DE8}") = "02 Interfaces", "02 Interfaces", "{CAB76A06-3117-4AEB-8540-58ED63E7F96C}"
EndProject
Project("{2150E333-8FDC-42A3-9474-1A3956D46DE8}") = "01 基础设施层", "01 基础设施层", "{3DA5CBAB-687B-4022-B43B-AA7856121B9E}"
EndProject
Project("{9A19103F-16F7-4668-BE54-9A1E7A4F7556}") = "ZR.Tasks", "ZR.Tasks\ZR.Tasks.csproj", "{328C152F-4DA3-4ABB-A9B7-628109902088}"
EndProject
Project("{2150E333-8FDC-42A3-9474-1A3956D46DE8}") = "Quartz定时任务", "Quartz定时任务", "{8A1C9D96-9967-42DA-9A57-2C945E08E93E}"
EndProject
Project("{2150E333-8FDC-42A3-9474-1A3956D46DE8}") = "UI", "UI", "{7BBADB30-A3CB-4A8D-91E2-FE8F13AD1536}"
EndProject
Project("{9A19103F-16F7-4668-BE54-9A1E7A4F7556}") = "ZR.CodeGenerator", "ZR.CodeGenerator\ZR.CodeGenerator.csproj", "{42F902A7-33C4-44D6-A7D8-5E0E72DAA03C}"
EndProject
Global
	GlobalSection(SolutionConfigurationPlatforms) = preSolution
		Debug|Any CPU = Debug|Any CPU
		Release|Any CPU = Release|Any CPU
	EndGlobalSection
	GlobalSection(ProjectConfigurationPlatforms) = postSolution
		{BA176987-AABB-406A-B4A8-6B63B422B703}.Debug|Any CPU.ActiveCfg = Debug|Any CPU
		{BA176987-AABB-406A-B4A8-6B63B422B703}.Debug|Any CPU.Build.0 = Debug|Any CPU
		{BA176987-AABB-406A-B4A8-6B63B422B703}.Release|Any CPU.ActiveCfg = Release|Any CPU
		{BA176987-AABB-406A-B4A8-6B63B422B703}.Release|Any CPU.Build.0 = Release|Any CPU
		{0665F19A-F8DC-4C8C-8382-68ABE75E8646}.Debug|Any CPU.ActiveCfg = Debug|Any CPU
		{0665F19A-F8DC-4C8C-8382-68ABE75E8646}.Debug|Any CPU.Build.0 = Debug|Any CPU
		{0665F19A-F8DC-4C8C-8382-68ABE75E8646}.Release|Any CPU.ActiveCfg = Release|Any CPU
		{0665F19A-F8DC-4C8C-8382-68ABE75E8646}.Release|Any CPU.Build.0 = Release|Any CPU
		{F762038D-733D-4572-A55F-4C4EA6A8BE5F}.Debug|Any CPU.ActiveCfg = Debug|Any CPU
		{F762038D-733D-4572-A55F-4C4EA6A8BE5F}.Debug|Any CPU.Build.0 = Debug|Any CPU
		{F762038D-733D-4572-A55F-4C4EA6A8BE5F}.Release|Any CPU.ActiveCfg = Release|Any CPU
		{F762038D-733D-4572-A55F-4C4EA6A8BE5F}.Release|Any CPU.Build.0 = Release|Any CPU
		{76F7557E-BB62-48AC-AF6D-EE62BBF64225}.Debug|Any CPU.ActiveCfg = Debug|Any CPU
		{76F7557E-BB62-48AC-AF6D-EE62BBF64225}.Debug|Any CPU.Build.0 = Debug|Any CPU
		{76F7557E-BB62-48AC-AF6D-EE62BBF64225}.Release|Any CPU.ActiveCfg = Release|Any CPU
		{76F7557E-BB62-48AC-AF6D-EE62BBF64225}.Release|Any CPU.Build.0 = Release|Any CPU
		{D7F7C898-8758-46E6-B26B-960FE79FF8CF}.Debug|Any CPU.ActiveCfg = Debug|Any CPU
		{D7F7C898-8758-46E6-B26B-960FE79FF8CF}.Debug|Any CPU.Build.0 = Debug|Any CPU
		{D7F7C898-8758-46E6-B26B-960FE79FF8CF}.Release|Any CPU.ActiveCfg = Release|Any CPU
		{D7F7C898-8758-46E6-B26B-960FE79FF8CF}.Release|Any CPU.Build.0 = Release|Any CPU
		{DF8B3C35-6E0E-481B-B2CB-C2BED3AF8634}.Debug|Any CPU.ActiveCfg = Debug|Any CPU
		{DF8B3C35-6E0E-481B-B2CB-C2BED3AF8634}.Debug|Any CPU.Build.0 = Debug|Any CPU
		{DF8B3C35-6E0E-481B-B2CB-C2BED3AF8634}.Release|Any CPU.ActiveCfg = Release|Any CPU
		{DF8B3C35-6E0E-481B-B2CB-C2BED3AF8634}.Release|Any CPU.Build.0 = Release|Any CPU
		{328C152F-4DA3-4ABB-A9B7-628109902088}.Debug|Any CPU.ActiveCfg = Debug|Any CPU
		{328C152F-4DA3-4ABB-A9B7-628109902088}.Debug|Any CPU.Build.0 = Debug|Any CPU
		{328C152F-4DA3-4ABB-A9B7-628109902088}.Release|Any CPU.ActiveCfg = Release|Any CPU
		{328C152F-4DA3-4ABB-A9B7-628109902088}.Release|Any CPU.Build.0 = Release|Any CPU
		{42F902A7-33C4-44D6-A7D8-5E0E72DAA03C}.Debug|Any CPU.ActiveCfg = Debug|Any CPU
		{42F902A7-33C4-44D6-A7D8-5E0E72DAA03C}.Debug|Any CPU.Build.0 = Debug|Any CPU
		{42F902A7-33C4-44D6-A7D8-5E0E72DAA03C}.Release|Any CPU.ActiveCfg = Release|Any CPU
		{42F902A7-33C4-44D6-A7D8-5E0E72DAA03C}.Release|Any CPU.Build.0 = Release|Any CPU
	EndGlobalSection
	GlobalSection(SolutionProperties) = preSolution
		HideSolutionNode = FALSE
	EndGlobalSection
	GlobalSection(NestedProjects) = preSolution
		{BA176987-AABB-406A-B4A8-6B63B422B703} = {7BBADB30-A3CB-4A8D-91E2-FE8F13AD1536}
		{0665F19A-F8DC-4C8C-8382-68ABE75E8646} = {CAB76A06-3117-4AEB-8540-58ED63E7F96C}
		{F762038D-733D-4572-A55F-4C4EA6A8BE5F} = {CAB76A06-3117-4AEB-8540-58ED63E7F96C}
		{76F7557E-BB62-48AC-AF6D-EE62BBF64225} = {CAB76A06-3117-4AEB-8540-58ED63E7F96C}
		{D7F7C898-8758-46E6-B26B-960FE79FF8CF} = {3DA5CBAB-687B-4022-B43B-AA7856121B9E}
		{DF8B3C35-6E0E-481B-B2CB-C2BED3AF8634} = {3DA5CBAB-687B-4022-B43B-AA7856121B9E}
		{328C152F-4DA3-4ABB-A9B7-628109902088} = {8A1C9D96-9967-42DA-9A57-2C945E08E93E}
		{42F902A7-33C4-44D6-A7D8-5E0E72DAA03C} = {3DA5CBAB-687B-4022-B43B-AA7856121B9E}
	EndGlobalSection
	GlobalSection(ExtensibilityGlobals) = postSolution
		SolutionGuid = {F420E614-D8A9-4E15-B9EA-9205B3DE7BAB}
	EndGlobalSection
EndGlobal
